
Microsoft Visual Studio Solution File, Format Version 12.00
# Visual Studio Version 16
VisualStudioVersion = 16.0.32228.343
MinimumVisualStudioVersion = 10.0.40219.1
Project("{FAE04EC0-301F-11D3-BF4B-00C04F79EFBC}") = "Projekt Sisteme Interneti", "Projekt Sisteme Interneti.csproj", "{E499BE74-98E8-4BA8-8EDD-C47C7B5F7939}"
EndProject
Global
	GlobalSection(SolutionConfigurationPlatforms) = preSolution
		Debug|Any CPU = Debug|Any CPU
		Release|Any CPU = Release|Any CPU
	EndGlobalSection
	GlobalSection(ProjectConfigurationPlatforms) = postSolution
		{E499BE74-98E8-4BA8-8EDD-C47C7B5F7939}.Debug|Any CPU.ActiveCfg = Debug|Any CPU
		{E499BE74-98E8-4BA8-8EDD-C47C7B5F7939}.Debug|Any CPU.Build.0 = Debug|Any CPU
		{E499BE74-98E8-4BA8-8EDD-C47C7B5F7939}.Release|Any CPU.ActiveCfg = Release|Any CPU
		{E499BE74-98E8-4BA8-8EDD-C47C7B5F7939}.Release|Any CPU.Build.0 = Release|Any CPU
	EndGlobalSection
	GlobalSection(SolutionProperties) = preSolution
		HideSolutionNode = FALSE
	EndGlobalSection
	GlobalSection(ExtensibilityGlobals) = postSolution
		SolutionGuid = {79A848C7-C585-4B1C-8810-CDBBFC90BD8B}
	EndGlobalSection
EndGlobal
